
Microsoft Visual Studio Solution File, Format Version 12.00
# Visual Studio Version 17
VisualStudioVersion = 17.0.32112.339
MinimumVisualStudioVersion = 10.0.40219.1
Project("{FAE04EC0-301F-11D3-BF4B-00C04F79EFBC}") = "RustPlugins", "RustPlugins\RustPlugins.csproj", "{1A38BA78-406F-4BA1-8A9F-DF708D387FFB}"
EndProject
Global
	GlobalSection(SolutionConfigurationPlatforms) = preSolution
		Debug|Any CPU = Debug|Any CPU
		Release|Any CPU = Release|Any CPU
	EndGlobalSection
	GlobalSection(ProjectConfigurationPlatforms) = postSolution
		{1A38BA78-406F-4BA1-8A9F-DF708D387FFB}.Debug|Any CPU.ActiveCfg = Debug|Any CPU
		{1A38BA78-406F-4BA1-8A9F-DF708D387FFB}.Debug|Any CPU.Build.0 = Debug|Any CPU
		{1A38BA78-406F-4BA1-8A9F-DF708D387FFB}.Release|Any CPU.ActiveCfg = Release|Any CPU
		{1A38BA78-406F-4BA1-8A9F-DF708D387FFB}.Release|Any CPU.Build.0 = Release|Any CPU
	EndGlobalSection
	GlobalSection(SolutionProperties) = preSolution
		HideSolutionNode = FALSE
	EndGlobalSection
	GlobalSection(ExtensibilityGlobals) = postSolution
		SolutionGuid = {C0B10B2C-496D-4168-963E-348882455FF4}
	EndGlobalSection
EndGlobal
